
Microsoft Visual Studio Solution File, Format Version 12.00
# Visual Studio Version 17
VisualStudioVersion = 17.2.32616.157
MinimumVisualStudioVersion = 10.0.40219.1
Project("{FAE04EC0-301F-11D3-BF4B-00C04F79EFBC}") = "FarmaciaBotiquin", "FarmaciaBotiquin\FarmaciaBotiquin.csproj", "{909A4428-6D0A-478E-8442-503702079025}"
EndProject
Global
	GlobalSection(SolutionConfigurationPlatforms) = preSolution
		Debug|Any CPU = Debug|Any CPU
		Release|Any CPU = Release|Any CPU
	EndGlobalSection
	GlobalSection(ProjectConfigurationPlatforms) = postSolution
		{909A4428-6D0A-478E-8442-503702079025}.Debug|Any CPU.ActiveCfg = Debug|Any CPU
		{909A4428-6D0A-478E-8442-503702079025}.Debug|Any CPU.Build.0 = Debug|Any CPU
		{909A4428-6D0A-478E-8442-503702079025}.Release|Any CPU.ActiveCfg = Release|Any CPU
		{909A4428-6D0A-478E-8442-503702079025}.Release|Any CPU.Build.0 = Release|Any CPU
	EndGlobalSection
	GlobalSection(SolutionProperties) = preSolution
		HideSolutionNode = FALSE
	EndGlobalSection
	GlobalSection(ExtensibilityGlobals) = postSolution
		SolutionGuid = {BA923EF4-CAD6-4BF6-ADE2-0B4ACF25AD51}
	EndGlobalSection
EndGlobal
